
Microsoft Visual Studio Solution File, Format Version 12.00
# Visual Studio Version 17
VisualStudioVersion = 17.8.34525.116
MinimumVisualStudioVersion = 10.0.40219.1
Project("{FAE04EC0-301F-11D3-BF4B-00C04F79EFBC}") = "While", "While\While.csproj", "{A6EE2DFB-85AE-4725-AA00-36658CA0701E}"
EndProject
Global
	GlobalSection(SolutionConfigurationPlatforms) = preSolution
		Debug|Any CPU = Debug|Any CPU
		Release|Any CPU = Release|Any CPU
	EndGlobalSection
	GlobalSection(ProjectConfigurationPlatforms) = postSolution
		{A6EE2DFB-85AE-4725-AA00-36658CA0701E}.Debug|Any CPU.ActiveCfg = Debug|Any CPU
		{A6EE2DFB-85AE-4725-AA00-36658CA0701E}.Debug|Any CPU.Build.0 = Debug|Any CPU
		{A6EE2DFB-85AE-4725-AA00-36658CA0701E}.Release|Any CPU.ActiveCfg = Release|Any CPU
		{A6EE2DFB-85AE-4725-AA00-36658CA0701E}.Release|Any CPU.Build.0 = Release|Any CPU
	EndGlobalSection
	GlobalSection(SolutionProperties) = preSolution
		HideSolutionNode = FALSE
	EndGlobalSection
	GlobalSection(ExtensibilityGlobals) = postSolution
		SolutionGuid = {3D13C2CF-A3E0-4B03-9C67-EB55613E6FF1}
	EndGlobalSection
EndGlobal
